
Microsoft Visual Studio Solution File, Format Version 12.00
# Visual Studio Version 16
VisualStudioVersion = 16.0.29519.181
MinimumVisualStudioVersion = 10.0.40219.1
Project("{FAE04EC0-301F-11D3-BF4B-00C04F79EFBC}") = "DataLayer", "DataLayer\DataLayer.csproj", "{5E3A9199-9027-4881-94C3-70072CBB06BC}"
EndProject
Project("{FAE04EC0-301F-11D3-BF4B-00C04F79EFBC}") = "DataLayerTest", "DataLayerTest\DataLayerTest.csproj", "{C3C33616-A6E0-4174-927D-84C7B3CF9E4B}"
EndProject
Project("{FAE04EC0-301F-11D3-BF4B-00C04F79EFBC}") = "ExcelReports", "ExcelReports\ExcelReports.csproj", "{F1A648EA-4FD2-460C-B137-96B81E473D69}"
EndProject
Project("{FAE04EC0-301F-11D3-BF4B-00C04F79EFBC}") = "Model", "Model\Model.csproj", "{CAD07772-F1DC-4F37-BB5A-EC22601F8D4D}"
EndProject
Project("{00D1A9C2-B5F0-4AF3-8072-F6C62B433612}") = "SessionDbExtended", "SessionDb\SessionDbExtended.sqlproj", "{8397C373-70F8-48FC-9BD9-803975264AB7}"
EndProject
Global
	GlobalSection(SolutionConfigurationPlatforms) = preSolution
		Debug|Any CPU = Debug|Any CPU
		Release|Any CPU = Release|Any CPU
	EndGlobalSection
	GlobalSection(ProjectConfigurationPlatforms) = postSolution
		{5E3A9199-9027-4881-94C3-70072CBB06BC}.Debug|Any CPU.ActiveCfg = Debug|Any CPU
		{5E3A9199-9027-4881-94C3-70072CBB06BC}.Debug|Any CPU.Build.0 = Debug|Any CPU
		{5E3A9199-9027-4881-94C3-70072CBB06BC}.Release|Any CPU.ActiveCfg = Release|Any CPU
		{5E3A9199-9027-4881-94C3-70072CBB06BC}.Release|Any CPU.Build.0 = Release|Any CPU
		{C3C33616-A6E0-4174-927D-84C7B3CF9E4B}.Debug|Any CPU.ActiveCfg = Debug|Any CPU
		{C3C33616-A6E0-4174-927D-84C7B3CF9E4B}.Debug|Any CPU.Build.0 = Debug|Any CPU
		{C3C33616-A6E0-4174-927D-84C7B3CF9E4B}.Release|Any CPU.ActiveCfg = Release|Any CPU
		{C3C33616-A6E0-4174-927D-84C7B3CF9E4B}.Release|Any CPU.Build.0 = Release|Any CPU
		{F1A648EA-4FD2-460C-B137-96B81E473D69}.Debug|Any CPU.ActiveCfg = Debug|Any CPU
		{F1A648EA-4FD2-460C-B137-96B81E473D69}.Debug|Any CPU.Build.0 = Debug|Any CPU
		{F1A648EA-4FD2-460C-B137-96B81E473D69}.Release|Any CPU.ActiveCfg = Release|Any CPU
		{F1A648EA-4FD2-460C-B137-96B81E473D69}.Release|Any CPU.Build.0 = Release|Any CPU
		{CAD07772-F1DC-4F37-BB5A-EC22601F8D4D}.Debug|Any CPU.ActiveCfg = Debug|Any CPU
		{CAD07772-F1DC-4F37-BB5A-EC22601F8D4D}.Debug|Any CPU.Build.0 = Debug|Any CPU
		{CAD07772-F1DC-4F37-BB5A-EC22601F8D4D}.Release|Any CPU.ActiveCfg = Release|Any CPU
		{CAD07772-F1DC-4F37-BB5A-EC22601F8D4D}.Release|Any CPU.Build.0 = Release|Any CPU
		{8397C373-70F8-48FC-9BD9-803975264AB7}.Debug|Any CPU.ActiveCfg = Debug|Any CPU
		{8397C373-70F8-48FC-9BD9-803975264AB7}.Debug|Any CPU.Build.0 = Debug|Any CPU
		{8397C373-70F8-48FC-9BD9-803975264AB7}.Debug|Any CPU.Deploy.0 = Debug|Any CPU
		{8397C373-70F8-48FC-9BD9-803975264AB7}.Release|Any CPU.ActiveCfg = Release|Any CPU
		{8397C373-70F8-48FC-9BD9-803975264AB7}.Release|Any CPU.Build.0 = Release|Any CPU
		{8397C373-70F8-48FC-9BD9-803975264AB7}.Release|Any CPU.Deploy.0 = Release|Any CPU
	EndGlobalSection
	GlobalSection(SolutionProperties) = preSolution
		HideSolutionNode = FALSE
	EndGlobalSection
	GlobalSection(ExtensibilityGlobals) = postSolution
		SolutionGuid = {44DAEFF3-431D-4A77-9A29-F9FEF413100A}
	EndGlobalSection
EndGlobal
